
Microsoft Visual Studio Solution File, Format Version 12.00
# Visual Studio Version 16
VisualStudioVersion = 16.6.30114.105
MinimumVisualStudioVersion = 10.0.40219.1
Project("{FAE04EC0-301F-11D3-BF4B-00C04F79EFBC}") = "ImgSpot.Client", "ImgSpot.Client\ImgSpot.Client.csproj", "{834F66F6-BBC0-4AF0-8A32-1E72232676DE}"
EndProject
Project("{FAE04EC0-301F-11D3-BF4B-00C04F79EFBC}") = "ImgSpot.Domain", "ImgSpot.Domain\ImgSpot.Domain.csproj", "{27AD4DFA-AABA-41D1-9727-C85CB915A651}"
EndProject
Project("{FAE04EC0-301F-11D3-BF4B-00C04F79EFBC}") = "ImgSpot.Storage", "ImgSpot.Storage\ImgSpot.Storage.csproj", "{CFC64D56-48D5-4D38-914A-83FB051CF109}"
EndProject
Project("{FAE04EC0-301F-11D3-BF4B-00C04F79EFBC}") = "ImgSpot.Testing", "ImgSpot.Testing\ImgSpot.Testing.csproj", "{8A537CD2-3D0D-4C43-B8CA-768ABE9CA69C}"
EndProject
Global
	GlobalSection(SolutionConfigurationPlatforms) = preSolution
		Debug|Any CPU = Debug|Any CPU
		Debug|x64 = Debug|x64
		Debug|x86 = Debug|x86
		Release|Any CPU = Release|Any CPU
		Release|x64 = Release|x64
		Release|x86 = Release|x86
	EndGlobalSection
	GlobalSection(SolutionProperties) = preSolution
		HideSolutionNode = FALSE
	EndGlobalSection
	GlobalSection(ProjectConfigurationPlatforms) = postSolution
		{834F66F6-BBC0-4AF0-8A32-1E72232676DE}.Debug|Any CPU.ActiveCfg = Debug|Any CPU
		{834F66F6-BBC0-4AF0-8A32-1E72232676DE}.Debug|Any CPU.Build.0 = Debug|Any CPU
		{834F66F6-BBC0-4AF0-8A32-1E72232676DE}.Debug|x64.ActiveCfg = Debug|Any CPU
		{834F66F6-BBC0-4AF0-8A32-1E72232676DE}.Debug|x64.Build.0 = Debug|Any CPU
		{834F66F6-BBC0-4AF0-8A32-1E72232676DE}.Debug|x86.ActiveCfg = Debug|Any CPU
		{834F66F6-BBC0-4AF0-8A32-1E72232676DE}.Debug|x86.Build.0 = Debug|Any CPU
		{834F66F6-BBC0-4AF0-8A32-1E72232676DE}.Release|Any CPU.ActiveCfg = Release|Any CPU
		{834F66F6-BBC0-4AF0-8A32-1E72232676DE}.Release|Any CPU.Build.0 = Release|Any CPU
		{834F66F6-BBC0-4AF0-8A32-1E72232676DE}.Release|x64.ActiveCfg = Release|Any CPU
		{834F66F6-BBC0-4AF0-8A32-1E72232676DE}.Release|x64.Build.0 = Release|Any CPU
		{834F66F6-BBC0-4AF0-8A32-1E72232676DE}.Release|x86.ActiveCfg = Release|Any CPU
		{834F66F6-BBC0-4AF0-8A32-1E72232676DE}.Release|x86.Build.0 = Release|Any CPU
		{27AD4DFA-AABA-41D1-9727-C85CB915A651}.Debug|Any CPU.ActiveCfg = Debug|Any CPU
		{27AD4DFA-AABA-41D1-9727-C85CB915A651}.Debug|Any CPU.Build.0 = Debug|Any CPU
		{27AD4DFA-AABA-41D1-9727-C85CB915A651}.Debug|x64.ActiveCfg = Debug|Any CPU
		{27AD4DFA-AABA-41D1-9727-C85CB915A651}.Debug|x64.Build.0 = Debug|Any CPU
		{27AD4DFA-AABA-41D1-9727-C85CB915A651}.Debug|x86.ActiveCfg = Debug|Any CPU
		{27AD4DFA-AABA-41D1-9727-C85CB915A651}.Debug|x86.Build.0 = Debug|Any CPU
		{27AD4DFA-AABA-41D1-9727-C85CB915A651}.Release|Any CPU.ActiveCfg = Release|Any CPU
		{27AD4DFA-AABA-41D1-9727-C85CB915A651}.Release|Any CPU.Build.0 = Release|Any CPU
		{27AD4DFA-AABA-41D1-9727-C85CB915A651}.Release|x64.ActiveCfg = Release|Any CPU
		{27AD4DFA-AABA-41D1-9727-C85CB915A651}.Release|x64.Build.0 = Release|Any CPU
		{27AD4DFA-AABA-41D1-9727-C85CB915A651}.Release|x86.ActiveCfg = Release|Any CPU
		{27AD4DFA-AABA-41D1-9727-C85CB915A651}.Release|x86.Build.0 = Release|Any CPU
		{CFC64D56-48D5-4D38-914A-83FB051CF109}.Debug|Any CPU.ActiveCfg = Debug|Any CPU
		{CFC64D56-48D5-4D38-914A-83FB051CF109}.Debug|Any CPU.Build.0 = Debug|Any CPU
		{CFC64D56-48D5-4D38-914A-83FB051CF109}.Debug|x64.ActiveCfg = Debug|Any CPU
		{CFC64D56-48D5-4D38-914A-83FB051CF109}.Debug|x64.Build.0 = Debug|Any CPU
		{CFC64D56-48D5-4D38-914A-83FB051CF109}.Debug|x86.ActiveCfg = Debug|Any CPU
		{CFC64D56-48D5-4D38-914A-83FB051CF109}.Debug|x86.Build.0 = Debug|Any CPU
		{CFC64D56-48D5-4D38-914A-83FB051CF109}.Release|Any CPU.ActiveCfg = Release|Any CPU
		{CFC64D56-48D5-4D38-914A-83FB051CF109}.Release|Any CPU.Build.0 = Release|Any CPU
		{CFC64D56-48D5-4D38-914A-83FB051CF109}.Release|x64.ActiveCfg = Release|Any CPU
		{CFC64D56-48D5-4D38-914A-83FB051CF109}.Release|x64.Build.0 = Release|Any CPU
		{CFC64D56-48D5-4D38-914A-83FB051CF109}.Release|x86.ActiveCfg = Release|Any CPU
		{CFC64D56-48D5-4D38-914A-83FB051CF109}.Release|x86.Build.0 = Release|Any CPU
		{8A537CD2-3D0D-4C43-B8CA-768ABE9CA69C}.Debug|Any CPU.ActiveCfg = Debug|Any CPU
		{8A537CD2-3D0D-4C43-B8CA-768ABE9CA69C}.Debug|Any CPU.Build.0 = Debug|Any CPU
		{8A537CD2-3D0D-4C43-B8CA-768ABE9CA69C}.Debug|x64.ActiveCfg = Debug|Any CPU
		{8A537CD2-3D0D-4C43-B8CA-768ABE9CA69C}.Debug|x64.Build.0 = Debug|Any CPU
		{8A537CD2-3D0D-4C43-B8CA-768ABE9CA69C}.Debug|x86.ActiveCfg = Debug|Any CPU
		{8A537CD2-3D0D-4C43-B8CA-768ABE9CA69C}.Debug|x86.Build.0 = Debug|Any CPU
		{8A537CD2-3D0D-4C43-B8CA-768ABE9CA69C}.Release|Any CPU.ActiveCfg = Release|Any CPU
		{8A537CD2-3D0D-4C43-B8CA-768ABE9CA69C}.Release|Any CPU.Build.0 = Release|Any CPU
		{8A537CD2-3D0D-4C43-B8CA-768ABE9CA69C}.Release|x64.ActiveCfg = Release|Any CPU
		{8A537CD2-3D0D-4C43-B8CA-768ABE9CA69C}.Release|x64.Build.0 = Release|Any CPU
		{8A537CD2-3D0D-4C43-B8CA-768ABE9CA69C}.Release|x86.ActiveCfg = Release|Any CPU
		{8A537CD2-3D0D-4C43-B8CA-768ABE9CA69C}.Release|x86.Build.0 = Release|Any CPU
	EndGlobalSection
EndGlobal
